// !$*UTF8*$!
{
	archiveVersion = 1;
	classes = {
	};
	objectVersion = 46;
	objects = {

/* Begin PBXBuildFile section */
		E92874771AA160C9006BAD5D /* AVFoundation.framework in Frameworks */ = {isa = PBXBuildFile; fileRef = E92874761AA160C9006BAD5D /* AVFoundation.framework */; };
		E928747D1AA16241006BAD5D /* CameraUtil.swift in Sources */ = {isa = PBXBuildFile; fileRef = E928747C1AA16241006BAD5D /* CameraUtil.swift */; };
		E971AB681AA18D660041F524 /* haarcascade_frontalface_alt.xml in Resources */ = {isa = PBXBuildFile; fileRef = E971AB671AA18D660041F524 /* haarcascade_frontalface_alt.xml */; };
		E971AB751AA190E80041F524 /* Detector.mm in Sources */ = {isa = PBXBuildFile; fileRef = E971AB741AA190E80041F524 /* Detector.mm */; };
		E971AB781AA19CE00041F524 /* labelDetector.mm in Sources */ = {isa = PBXBuildFile; fileRef = E971AB771AA19CE00041F524 /* labelDetector.mm */; };
		E9E638AD1AA0BAB0004EB467 /* AppDelegate.swift in Sources */ = {isa = PBXBuildFile; fileRef = E9E638AC1AA0BAB0004EB467 /* AppDelegate.swift */; };
		E9E638B01AA0BAB0004EB467 /* NomiChoco.xcdatamodeld in Sources */ = {isa = PBXBuildFile; fileRef = E9E638AE1AA0BAB0004EB467 /* NomiChoco.xcdatamodeld */; };
		E9E638B21AA0BAB0004EB467 /* ViewController.swift in Sources */ = {isa = PBXBuildFile; fileRef = E9E638B11AA0BAB0004EB467 /* ViewController.swift */; };
		E9E638B51AA0BAB0004EB467 /* Main.storyboard in Resources */ = {isa = PBXBuildFile; fileRef = E9E638B31AA0BAB0004EB467 /* Main.storyboard */; };
		E9E638B71AA0BAB0004EB467 /* Images.xcassets in Resources */ = {isa = PBXBuildFile; fileRef = E9E638B61AA0BAB0004EB467 /* Images.xcassets */; };
		E9E638BA1AA0BAB0004EB467 /* LaunchScreen.xib in Resources */ = {isa = PBXBuildFile; fileRef = E9E638B81AA0BAB0004EB467 /* LaunchScreen.xib */; };
		E9E638C61AA0BAB0004EB467 /* NomiChocoTests.swift in Sources */ = {isa = PBXBuildFile; fileRef = E9E638C51AA0BAB0004EB467 /* NomiChocoTests.swift */; };
		FF31E9BF6478B38B32CA2C9E /* libPods.a in Frameworks */ = {isa = PBXBuildFile; fileRef = ABECC48F945397AC67B2EEE6 /* libPods.a */; };
/* End PBXBuildFile section */

/* Begin PBXContainerItemProxy section */
		E9E638C01AA0BAB0004EB467 /* PBXContainerItemProxy */ = {
			isa = PBXContainerItemProxy;
			containerPortal = E9E6389F1AA0BAB0004EB467 /* Project object */;
			proxyType = 1;
			remoteGlobalIDString = E9E638A61AA0BAB0004EB467;
			remoteInfo = NomiChoco;
		};
/* End PBXContainerItemProxy section */

/* Begin PBXFileReference section */
		383F603A68C2C8E3FAED4323 /* Pods.debug.xcconfig */ = {isa = PBXFileReference; includeInIndex = 1; lastKnownFileType = text.xcconfig; name = Pods.debug.xcconfig; path = "Pods/Target Support Files/Pods/Pods.debug.xcconfig"; sourceTree = "<group>"; };
		A0182BD453160A86C6C327C4 /* Pods.release.xcconfig */ = {isa = PBXFileReference; includeInIndex = 1; lastKnownFileType = text.xcconfig; name = Pods.release.xcconfig; path = "Pods/Target Support Files/Pods/Pods.release.xcconfig"; sourceTree = "<group>"; };
		ABECC48F945397AC67B2EEE6 /* libPods.a */ = {isa = PBXFileReference; explicitFileType = archive.ar; includeInIndex = 0; path = libPods.a; sourceTree = BUILT_PRODUCTS_DIR; };
		E92874761AA160C9006BAD5D /* AVFoundation.framework */ = {isa = PBXFileReference; lastKnownFileType = wrapper.framework; name = AVFoundation.framework; path = System/Library/Frameworks/AVFoundation.framework; sourceTree = SDKROOT; };
		E928747C1AA16241006BAD5D /* CameraUtil.swift */ = {isa = PBXFileReference; fileEncoding = 4; lastKnownFileType = sourcecode.swift; path = CameraUtil.swift; sourceTree = "<group>"; };
		E971AB671AA18D660041F524 /* haarcascade_frontalface_alt.xml */ = {isa = PBXFileReference; fileEncoding = 4; lastKnownFileType = text.xml; path = haarcascade_frontalface_alt.xml; sourceTree = "<group>"; };
		E971AB691AA18F9C0041F524 /* NomiChoco-Bridging-Header.h */ = {isa = PBXFileReference; lastKnownFileType = sourcecode.c.h; path = "NomiChoco-Bridging-Header.h"; sourceTree = "<group>"; };
		E971AB731AA190E80041F524 /* OpenCVSample-Bridging-Header.h */ = {isa = PBXFileReference; fileEncoding = 4; lastKnownFileType = sourcecode.c.h; path = "OpenCVSample-Bridging-Header.h"; sourceTree = "<group>"; };
		E971AB741AA190E80041F524 /* Detector.mm */ = {isa = PBXFileReference; fileEncoding = 4; lastKnownFileType = sourcecode.cpp.objcpp; path = Detector.mm; sourceTree = "<group>"; };
		E971AB761AA19CE00041F524 /* labelDetector.h */ = {isa = PBXFileReference; fileEncoding = 4; lastKnownFileType = sourcecode.c.h; path = labelDetector.h; sourceTree = "<group>"; };
		E971AB771AA19CE00041F524 /* labelDetector.mm */ = {isa = PBXFileReference; fileEncoding = 4; lastKnownFileType = sourcecode.cpp.objcpp; path = labelDetector.mm; sourceTree = "<group>"; };
		E9E638A71AA0BAB0004EB467 /* NomiChoco.app */ = {isa = PBXFileReference; explicitFileType = wrapper.application; includeInIndex = 0; path = NomiChoco.app; sourceTree = BUILT_PRODUCTS_DIR; };
		E9E638AB1AA0BAB0004EB467 /* Info.plist */ = {isa = PBXFileReference; lastKnownFileType = text.plist.xml; path = Info.plist; sourceTree = "<group>"; };
		E9E638AC1AA0BAB0004EB467 /* AppDelegate.swift */ = {isa = PBXFileReference; lastKnownFileType = sourcecode.swift; path = AppDelegate.swift; sourceTree = "<group>"; };
		E9E638AF1AA0BAB0004EB467 /* NomiChoco.xcdatamodel */ = {isa = PBXFileReference; lastKnownFileType = wrapper.xcdatamodel; path = NomiChoco.xcdatamodel; sourceTree = "<group>"; };
		E9E638B11AA0BAB0004EB467 /* ViewController.swift */ = {isa = PBXFileReference; lastKnownFileType = sourcecode.swift; path = ViewController.swift; sourceTree = "<group>"; };
		E9E638B41AA0BAB0004EB467 /* Base */ = {isa = PBXFileReference; lastKnownFileType = file.storyboard; name = Base; path = Base.lproj/Main.storyboard; sourceTree = "<group>"; };
		E9E638B61AA0BAB0004EB467 /* Images.xcassets */ = {isa = PBXFileReference; lastKnownFileType = folder.assetcatalog; path = Images.xcassets; sourceTree = "<group>"; };
		E9E638B91AA0BAB0004EB467 /* Base */ = {isa = PBXFileReference; lastKnownFileType = file.xib; name = Base; path = Base.lproj/LaunchScreen.xib; sourceTree = "<group>"; };
		E9E638BF1AA0BAB0004EB467 /* NomiChocoTests.xctest */ = {isa = PBXFileReference; explicitFileType = wrapper.cfbundle; includeInIndex = 0; path = NomiChocoTests.xctest; sourceTree = BUILT_PRODUCTS_DIR; };
		E9E638C41AA0BAB0004EB467 /* Info.plist */ = {isa = PBXFileReference; lastKnownFileType = text.plist.xml; path = Info.plist; sourceTree = "<group>"; };
		E9E638C51AA0BAB0004EB467 /* NomiChocoTests.swift */ = {isa = PBXFileReference; lastKnownFileType = sourcecode.swift; path = NomiChocoTests.swift; sourceTree = "<group>"; };
/* End PBXFileReference section */

/* Begin PBXFrameworksBuildPhase section */
		E9E638A41AA0BAB0004EB467 /* Frameworks */ = {
			isa = PBXFrameworksBuildPhase;
			buildActionMask = 2147483647;
			files = (
				E92874771AA160C9006BAD5D /* AVFoundation.framework in Frameworks */,
				FF31E9BF6478B38B32CA2C9E /* libPods.a in Frameworks */,
			);
			runOnlyForDeploymentPostprocessing = 0;
		};
		E9E638BC1AA0BAB0004EB467 /* Frameworks */ = {
			isa = PBXFrameworksBuildPhase;
			buildActionMask = 2147483647;
			files = (
			);
			runOnlyForDeploymentPostprocessing = 0;
		};
/* End PBXFrameworksBuildPhase section */

/* Begin PBXGroup section */
		7382547E3B9B24BCE39C6E26 /* Pods */ = {
			isa = PBXGroup;
			children = (
				383F603A68C2C8E3FAED4323 /* Pods.debug.xcconfig */,
				A0182BD453160A86C6C327C4 /* Pods.release.xcconfig */,
			);
			name = Pods;
			sourceTree = "<group>";
		};
		BF9985EAE5DAF9695C139BD3 /* Frameworks */ = {
			isa = PBXGroup;
			children = (
				E92874761AA160C9006BAD5D /* AVFoundation.framework */,
				ABECC48F945397AC67B2EEE6 /* libPods.a */,
			);
			name = Frameworks;
			sourceTree = "<group>";
		};
		E9E6389E1AA0BAB0004EB467 = {
			isa = PBXGroup;
			children = (
				E9E638A91AA0BAB0004EB467 /* NomiChoco */,
				E9E638C21AA0BAB0004EB467 /* NomiChocoTests */,
				E9E638A81AA0BAB0004EB467 /* Products */,
				7382547E3B9B24BCE39C6E26 /* Pods */,
				BF9985EAE5DAF9695C139BD3 /* Frameworks */,
			);
			sourceTree = "<group>";
		};
		E9E638A81AA0BAB0004EB467 /* Products */ = {
			isa = PBXGroup;
			children = (
				E9E638A71AA0BAB0004EB467 /* NomiChoco.app */,
				E9E638BF1AA0BAB0004EB467 /* NomiChocoTests.xctest */,
			);
			name = Products;
			sourceTree = "<group>";
		};
		E9E638A91AA0BAB0004EB467 /* NomiChoco */ = {
			isa = PBXGroup;
			children = (
				E9E638AC1AA0BAB0004EB467 /* AppDelegate.swift */,
				E9E638B11AA0BAB0004EB467 /* ViewController.swift */,
				E928747C1AA16241006BAD5D /* CameraUtil.swift */,
				E971AB691AA18F9C0041F524 /* NomiChoco-Bridging-Header.h */,
				E971AB731AA190E80041F524 /* OpenCVSample-Bridging-Header.h */,
				E971AB741AA190E80041F524 /* Detector.mm */,
				E9E638B31AA0BAB0004EB467 /* Main.storyboard */,
				E9E638B61AA0BAB0004EB467 /* Images.xcassets */,
				E9E638B81AA0BAB0004EB467 /* LaunchScreen.xib */,
				E9E638AE1AA0BAB0004EB467 /* NomiChoco.xcdatamodeld */,
				E971AB761AA19CE00041F524 /* labelDetector.h */,
				E971AB771AA19CE00041F524 /* labelDetector.mm */,
				E9E638AA1AA0BAB0004EB467 /* Supporting Files */,
			);
			path = NomiChoco;
			sourceTree = "<group>";
		};
		E9E638AA1AA0BAB0004EB467 /* Supporting Files */ = {
			isa = PBXGroup;
			children = (
				E971AB671AA18D660041F524 /* haarcascade_frontalface_alt.xml */,
				E9E638AB1AA0BAB0004EB467 /* Info.plist */,
			);
			name = "Supporting Files";
			sourceTree = "<group>";
		};
		E9E638C21AA0BAB0004EB467 /* NomiChocoTests */ = {
			isa = PBXGroup;
			children = (
				E9E638C51AA0BAB0004EB467 /* NomiChocoTests.swift */,
				E9E638C31AA0BAB0004EB467 /* Supporting Files */,
			);
			path = NomiChocoTests;
			sourceTree = "<group>";
		};
		E9E638C31AA0BAB0004EB467 /* Supporting Files */ = {
			isa = PBXGroup;
			children = (
				E9E638C41AA0BAB0004EB467 /* Info.plist */,
			);
			name = "Supporting Files";
			sourceTree = "<group>";
		};
/* End PBXGroup section */

/* Begin PBXNativeTarget section */
		E9E638A61AA0BAB0004EB467 /* NomiChoco */ = {
			isa = PBXNativeTarget;
			buildConfigurationList = E9E638C91AA0BAB0004EB467 /* Build configuration list for PBXNativeTarget "NomiChoco" */;
			buildPhases = (
				65EE61F845822CE87CC40580 /* Check Pods Manifest.lock */,
				E9E638A31AA0BAB0004EB467 /* Sources */,
				E9E638A41AA0BAB0004EB467 /* Frameworks */,
				E9E638A51AA0BAB0004EB467 /* Resources */,
				5D2031A99CCCAE86CAB1628E /* Copy Pods Resources */,
			);
			buildRules = (
			);
			dependencies = (
			);
			name = NomiChoco;
			productName = NomiChoco;
			productReference = E9E638A71AA0BAB0004EB467 /* NomiChoco.app */;
			productType = "com.apple.product-type.application";
		};
		E9E638BE1AA0BAB0004EB467 /* NomiChocoTests */ = {
			isa = PBXNativeTarget;
			buildConfigurationList = E9E638CC1AA0BAB0004EB467 /* Build configuration list for PBXNativeTarget "NomiChocoTests" */;
			buildPhases = (
				E9E638BB1AA0BAB0004EB467 /* Sources */,
				E9E638BC1AA0BAB0004EB467 /* Frameworks */,
				E9E638BD1AA0BAB0004EB467 /* Resources */,
			);
			buildRules = (
			);
			dependencies = (
				E9E638C11AA0BAB0004EB467 /* PBXTargetDependency */,
			);
			name = NomiChocoTests;
			productName = NomiChocoTests;
			productReference = E9E638BF1AA0BAB0004EB467 /* NomiChocoTests.xctest */;
			productType = "com.apple.product-type.bundle.unit-test";
		};
/* End PBXNativeTarget section */

/* Begin PBXProject section */
		E9E6389F1AA0BAB0004EB467 /* Project object */ = {
			isa = PBXProject;
			attributes = {
				LastUpgradeCheck = 0610;
				ORGANIZATIONNAME = "岡田みなみ";
				TargetAttributes = {
					E9E638A61AA0BAB0004EB467 = {
						CreatedOnToolsVersion = 6.1.1;
						DevelopmentTeam = 9HA63Z44P3;
					};
					E9E638BE1AA0BAB0004EB467 = {
						CreatedOnToolsVersion = 6.1.1;
						TestTargetID = E9E638A61AA0BAB0004EB467;
					};
				};
			};
			buildConfigurationList = E9E638A21AA0BAB0004EB467 /* Build configuration list for PBXProject "NomiChoco" */;
			compatibilityVersion = "Xcode 3.2";
			developmentRegion = English;
			hasScannedForEncodings = 0;
			knownRegions = (
				en,
				Base,
			);
			mainGroup = E9E6389E1AA0BAB0004EB467;
			productRefGroup = E9E638A81AA0BAB0004EB467 /* Products */;
			projectDirPath = "";
			projectRoot = "";
			targets = (
				E9E638A61AA0BAB0004EB467 /* NomiChoco */,
				E9E638BE1AA0BAB0004EB467 /* NomiChocoTests */,
			);
		};
/* End PBXProject section */

/* Begin PBXResourcesBuildPhase section */
		E9E638A51AA0BAB0004EB467 /* Resources */ = {
			isa = PBXResourcesBuildPhase;
			buildActionMask = 2147483647;
			files = (
				E9E638B51AA0BAB0004EB467 /* Main.storyboard in Resources */,
				E9E638BA1AA0BAB0004EB467 /* LaunchScreen.xib in Resources */,
				E971AB681AA18D660041F524 /* haarcascade_frontalface_alt.xml in Resources */,
				E9E638B71AA0BAB0004EB467 /* Images.xcassets in Resources */,
			);
			runOnlyForDeploymentPostprocessing = 0;
		};
		E9E638BD1AA0BAB0004EB467 /* Resources */ = {
			isa = PBXResourcesBuildPhase;
			buildActionMask = 2147483647;
			files = (
			);
			runOnlyForDeploymentPostprocessing = 0;
		};
/* End PBXResourcesBuildPhase section */

/* Begin PBXShellScriptBuildPhase section */
		5D2031A99CCCAE86CAB1628E /* Copy Pods Resources */ = {
			isa = PBXShellScriptBuildPhase;
			buildActionMask = 2147483647;
			files = (
			);
			inputPaths = (
			);
			name = "Copy Pods Resources";
			outputPaths = (
			);
			runOnlyForDeploymentPostprocessing = 0;
			shellPath = /bin/sh;
			shellScript = "\"${SRCROOT}/Pods/Target Support Files/Pods/Pods-resources.sh\"\n";
			showEnvVarsInLog = 0;
		};
		65EE61F845822CE87CC40580 /* Check Pods Manifest.lock */ = {
			isa = PBXShellScriptBuildPhase;
			buildActionMask = 2147483647;
			files = (
			);
			inputPaths = (
			);
			name = "Check Pods Manifest.lock";
			outputPaths = (
			);
			runOnlyForDeploymentPostprocessing = 0;
			shellPath = /bin/sh;
			shellScript = "diff \"${PODS_ROOT}/../Podfile.lock\" \"${PODS_ROOT}/Manifest.lock\" > /dev/null\nif [[ $? != 0 ]] ; then\n    cat << EOM\nerror: The sandbox is not in sync with the Podfile.lock. Run 'pod install' or update your CocoaPods installation.\nEOM\n    exit 1\nfi\n";
			showEnvVarsInLog = 0;
		};
/* End PBXShellScriptBuildPhase section */

/* Begin PBXSourcesBuildPhase section */
		E9E638A31AA0BAB0004EB467 /* Sources */ = {
			isa = PBXSourcesBuildPhase;
			buildActionMask = 2147483647;
			files = (
				E9E638B21AA0BAB0004EB467 /* ViewController.swift in Sources */,
				E9E638AD1AA0BAB0004EB467 /* AppDelegate.swift in Sources */,
				E971AB781AA19CE00041F524 /* labelDetector.mm in Sources */,
				E971AB751AA190E80041F524 /* Detector.mm in Sources */,
				E928747D1AA16241006BAD5D /* CameraUtil.swift in Sources */,
				E9E638B01AA0BAB0004EB467 /* NomiChoco.xcdatamodeld in Sources */,
			);
			runOnlyForDeploymentPostprocessing = 0;
		};
		E9E638BB1AA0BAB0004EB467 /* Sources */ = {
			isa = PBXSourcesBuildPhase;
			buildActionMask = 2147483647;
			files = (
				E9E638C61AA0BAB0004EB467 /* NomiChocoTests.swift in Sources */,
			);
			runOnlyForDeploymentPostprocessing = 0;
		};
/* End PBXSourcesBuildPhase section */

/* Begin PBXTargetDependency section */
		E9E638C11AA0BAB0004EB467 /* PBXTargetDependency */ = {
			isa = PBXTargetDependency;
			target = E9E638A61AA0BAB0004EB467 /* NomiChoco */;
			targetProxy = E9E638C01AA0BAB0004EB467 /* PBXContainerItemProxy */;
		};
/* End PBXTargetDependency section */

/* Begin PBXVariantGroup section */
		E9E638B31AA0BAB0004EB467 /* Main.storyboard */ = {
			isa = PBXVariantGroup;
			children = (
				E9E638B41AA0BAB0004EB467 /* Base */,
			);
			name = Main.storyboard;
			sourceTree = "<group>";
		};
		E9E638B81AA0BAB0004EB467 /* LaunchScreen.xib */ = {
			isa = PBXVariantGroup;
			children = (
				E9E638B91AA0BAB0004EB467 /* Base */,
			);
			name = LaunchScreen.xib;
			sourceTree = "<group>";
		};
/* End PBXVariantGroup section */

/* Begin XCBuildConfiguration section */
		E9E638C71AA0BAB0004EB467 /* Debug */ = {
			isa = XCBuildConfiguration;
			buildSettings = {
				ALWAYS_SEARCH_USER_PATHS = NO;
				CLANG_CXX_LANGUAGE_STANDARD = "gnu++0x";
				CLANG_CXX_LIBRARY = "libc++";
				CLANG_ENABLE_MODULES = YES;
				CLANG_ENABLE_OBJC_ARC = YES;
				CLANG_WARN_BOOL_CONVERSION = YES;
				CLANG_WARN_CONSTANT_CONVERSION = YES;
				CLANG_WARN_DIRECT_OBJC_ISA_USAGE = YES_ERROR;
				CLANG_WARN_EMPTY_BODY = YES;
				CLANG_WARN_ENUM_CONVERSION = YES;
				CLANG_WARN_INT_CONVERSION = YES;
				CLANG_WARN_OBJC_ROOT_CLASS = YES_ERROR;
				CLANG_WARN_UNREACHABLE_CODE = YES;
				CLANG_WARN__DUPLICATE_METHOD_MATCH = YES;
				"CODE_SIGN_IDENTITY[sdk=iphoneos*]" = "iPhone Developer";
				COPY_PHASE_STRIP = NO;
				ENABLE_STRICT_OBJC_MSGSEND = YES;
				GCC_C_LANGUAGE_STANDARD = gnu99;
				GCC_DYNAMIC_NO_PIC = NO;
				GCC_OPTIMIZATION_LEVEL = 0;
				GCC_PREPROCESSOR_DEFINITIONS = (
					"DEBUG=1",
					"$(inherited)",
				);
				GCC_SYMBOLS_PRIVATE_EXTERN = NO;
				GCC_WARN_64_TO_32_BIT_CONVERSION = YES;
				GCC_WARN_ABOUT_RETURN_TYPE = YES_ERROR;
				GCC_WARN_UNDECLARED_SELECTOR = YES;
				GCC_WARN_UNINITIALIZED_AUTOS = YES_AGGRESSIVE;
				GCC_WARN_UNUSED_FUNCTION = YES;
				GCC_WARN_UNUSED_VARIABLE = YES;
				IPHONEOS_DEPLOYMENT_TARGET = 8.1;
				MTL_ENABLE_DEBUG_INFO = YES;
				ONLY_ACTIVE_ARCH = YES;
				PROVISIONING_PROFILE = "ddb0dac2-13a5-48d2-8a51-5e66cb813d7b";
				SDKROOT = iphoneos;
				SWIFT_OPTIMIZATION_LEVEL = "-Onone";
			};
			name = Debug;
		};
		E9E638C81AA0BAB0004EB467 /* Release */ = {
			isa = XCBuildConfiguration;
			buildSettings = {
				ALWAYS_SEARCH_USER_PATHS = NO;
				CLANG_CXX_LANGUAGE_STANDARD = "gnu++0x";
				CLANG_CXX_LIBRARY = "libc++";
				CLANG_ENABLE_MODULES = YES;
				CLANG_ENABLE_OBJC_ARC = YES;
				CLANG_WARN_BOOL_CONVERSION = YES;
				CLANG_WARN_CONSTANT_CONVERSION = YES;
				CLANG_WARN_DIRECT_OBJC_ISA_USAGE = YES_ERROR;
				CLANG_WARN_EMPTY_BODY = YES;
				CLANG_WARN_ENUM_CONVERSION = YES;
				CLANG_WARN_INT_CONVERSION = YES;
				CLANG_WARN_OBJC_ROOT_CLASS = YES_ERROR;
				CLANG_WARN_UNREACHABLE_CODE = YES;
				CLANG_WARN__DUPLICATE_METHOD_MATCH = YES;
				"CODE_SIGN_IDENTITY[sdk=iphoneos*]" = "iPhone Developer";
				COPY_PHASE_STRIP = YES;
				ENABLE_NS_ASSERTIONS = NO;
				ENABLE_STRICT_OBJC_MSGSEND = YES;
				GCC_C_LANGUAGE_STANDARD = gnu99;
				GCC_WARN_64_TO_32_BIT_CONVERSION = YES;
				GCC_WARN_ABOUT_RETURN_TYPE = YES_ERROR;
				GCC_WARN_UNDECLARED_SELECTOR = YES;
				GCC_WARN_UNINITIALIZED_AUTOS = YES_AGGRESSIVE;
				GCC_WARN_UNUSED_FUNCTION = YES;
				GCC_WARN_UNUSED_VARIABLE = YES;
				IPHONEOS_DEPLOYMENT_TARGET = 8.1;
				MTL_ENABLE_DEBUG_INFO = NO;
				PROVISIONING_PROFILE = "ddb0dac2-13a5-48d2-8a51-5e66cb813d7b";
				SDKROOT = iphoneos;
				VALIDATE_PRODUCT = YES;
			};
			name = Release;
		};
		E9E638CA1AA0BAB0004EB467 /* Debug */ = {
			isa = XCBuildConfiguration;
			baseConfigurationReference = 383F603A68C2C8E3FAED4323 /* Pods.debug.xcconfig */;
			buildSettings = {
				ASSETCATALOG_COMPILER_APPICON_NAME = AppIcon;
				CLANG_ENABLE_MODULES = YES;
				CODE_SIGN_IDENTITY = "iPhone Developer";
				"CODE_SIGN_IDENTITY[sdk=iphoneos*]" = "iPhone Developer";
				EMBEDDED_CONTENT_CONTAINS_SWIFT = YES;
				INFOPLIST_FILE = NomiChoco/Info.plist;
				LD_RUNPATH_SEARCH_PATHS = "$(inherited) @executable_path/Frameworks";
				PRODUCT_NAME = "$(TARGET_NAME)";
				PROVISIONING_PROFILE = "ddb0dac2-13a5-48d2-8a51-5e66cb813d7b";
				SWIFT_OBJC_BRIDGING_HEADER = "NomiChoco/NomiChoco-Bridging-Header.h";
				SWIFT_OPTIMIZATION_LEVEL = "-Onone";
			};
			name = Debug;
		};
		E9E638CB1AA0BAB0004EB467 /* Release */ = {
			isa = XCBuildConfiguration;
			baseConfigurationReference = A0182BD453160A86C6C327C4 /* Pods.release.xcconfig */;
			buildSettings = {
				ASSETCATALOG_COMPILER_APPICON_NAME = AppIcon;
				CLANG_ENABLE_MODULES = YES;
				CODE_SIGN_IDENTITY = "iPhone Developer";
				"CODE_SIGN_IDENTITY[sdk=iphoneos*]" = "iPhone Developer";
				EMBEDDED_CONTENT_CONTAINS_SWIFT = YES;
				INFOPLIST_FILE = NomiChoco/Info.plist;
				LD_RUNPATH_SEARCH_PATHS = "$(inherited) @executable_path/Frameworks";
				PRODUCT_NAME = "$(TARGET_NAME)";
				PROVISIONING_PROFILE = "ddb0dac2-13a5-48d2-8a51-5e66cb813d7b";
				SWIFT_OBJC_BRIDGING_HEADER = "NomiChoco/NomiChoco-Bridging-Header.h";
			};
			name = Release;
		};
		E9E638CD1AA0BAB0004EB467 /* Debug */ = {
			isa = XCBuildConfiguration;
			buildSettings = {
				BUNDLE_LOADER = "$(TEST_HOST)";
				FRAMEWORK_SEARCH_PATHS = (
					"$(SDKROOT)/Developer/Library/Frameworks",
					"$(inherited)",
				);
				GCC_PREPROCESSOR_DEFINITIONS = (
					"DEBUG=1",
					"$(inherited)",
				);
				INFOPLIST_FILE = NomiChocoTests/Info.plist;
				LD_RUNPATH_SEARCH_PATHS = "$(inherited) @executable_path/Frameworks @loader_path/Frameworks";
				PRODUCT_NAME = "$(TARGET_NAME)";
				TEST_HOST = "$(BUILT_PRODUCTS_DIR)/NomiChoco.app/NomiChoco";
			};
			name = Debug;
		};
		E9E638CE1AA0BAB0004EB467 /* Release */ = {
			isa = XCBuildConfiguration;
			buildSettings = {
				BUNDLE_LOADER = "$(TEST_HOST)";
				FRAMEWORK_SEARCH_PATHS = (
					"$(SDKROOT)/Developer/Library/Frameworks",
					"$(inherited)",
				);
				INFOPLIST_FILE = NomiChocoTests/Info.plist;
				LD_RUNPATH_SEARCH_PATHS = "$(inherited) @executable_path/Frameworks @loader_path/Frameworks";
				PRODUCT_NAME = "$(TARGET_NAME)";
				TEST_HOST = "$(BUILT_PRODUCTS_DIR)/NomiChoco.app/NomiChoco";
			};
			name = Release;
		};
/* End XCBuildConfiguration section */

/* Begin XCConfigurationList section */
		E9E638A21AA0BAB0004EB467 /* Build configuration list for PBXProject "NomiChoco" */ = {
			isa = XCConfigurationList;
			buildConfigurations = (
				E9E638C71AA0BAB0004EB467 /* Debug */,
				E9E638C81AA0BAB0004EB467 /* Release */,
			);
			defaultConfigurationIsVisible = 0;
			defaultConfigurationName = Release;
		};
		E9E638C91AA0BAB0004EB467 /* Build configuration list for PBXNativeTarget "NomiChoco" */ = {
			isa = XCConfigurationList;
			buildConfigurations = (
				E9E638CA1AA0BAB0004EB467 /* Debug */,
				E9E638CB1AA0BAB0004EB467 /* Release */,
			);
			defaultConfigurationIsVisible = 0;
			defaultConfigurationName = Release;
		};
		E9E638CC1AA0BAB0004EB467 /* Build configuration list for PBXNativeTarget "NomiChocoTests" */ = {
			isa = XCConfigurationList;
			buildConfigurations = (
				E9E638CD1AA0BAB0004EB467 /* Debug */,
				E9E638CE1AA0BAB0004EB467 /* Release */,
			);
			defaultConfigurationIsVisible = 0;
			defaultConfigurationName = Release;
		};
/* End XCConfigurationList section */

/* Begin XCVersionGroup section */
		E9E638AE1AA0BAB0004EB467 /* NomiChoco.xcdatamodeld */ = {
			isa = XCVersionGroup;
			children = (
				E9E638AF1AA0BAB0004EB467 /* NomiChoco.xcdatamodel */,
			);
			currentVersion = E9E638AF1AA0BAB0004EB467 /* NomiChoco.xcdatamodel */;
			path = NomiChoco.xcdatamodeld;
			sourceTree = "<group>";
			versionGroupType = wrapper.xcdatamodel;
		};
/* End XCVersionGroup section */
	};
	rootObject = E9E6389F1AA0BAB0004EB467 /* Project object */;
}
